{
  "name": "@wexample/js-app",
  "version": "0.0.43",
  "lockfileVersion": 2,
  "requires": true,
  "packages": {
    "": {
      "name": "@wexample/js-app",
      "version": "0.0.43",
      "dependencies": {
        "@wexample/js-helpers": "0.0.36"
      },
      "devDependencies": {
        "typescript": "^5.9.3"
      }
    },
    "node_modules/@wexample/js-helpers": {
      "version": "0.0.36",
      "resolved": "https://registry.npmjs.org/@wexample/js-helpers/-/js-helpers-0.0.36.tgz",
      "integrity": "sha512-SmwudEGCE6l3Zvy404/JVBvGOUYGF/zht42rsFMQAd14v9ylK0DhFbchjUbdH6v6wTB2WTwzZFRXG9/bgqLpdQ==",
      "engines": {
        "node": ">=18"
      }
    },
    "node_modules/typescript": {
      "version": "5.9.3",
      "resolved": "https://registry.npmjs.org/typescript/-/typescript-5.9.3.tgz",
      "integrity": "sha512-jl1vZzPDinLr9eUt3J/t7V6FgNEw9QjvBPdysz9KfQDD41fQrC2Y4vKQdiaUpFT4bXlb1RHhLpp8wtm6M5TgSw==",
      "dev": true,
      "bin": {
        "tsc": "bin/tsc",
        "tsserver": "bin/tsserver"
      },
      "engines": {
        "node": ">=14.17"
      }
    }
  },
  "dependencies": {
    "@wexample/js-helpers": {
      "version": "0.0.36",
      "resolved": "https://registry.npmjs.org/@wexample/js-helpers/-/js-helpers-0.0.36.tgz",
      "integrity": "sha512-SmwudEGCE6l3Zvy404/JVBvGOUYGF/zht42rsFMQAd14v9ylK0DhFbchjUbdH6v6wTB2WTwzZFRXG9/bgqLpdQ=="
    },
    "typescript": {
      "version": "5.9.3",
      "resolved": "https://registry.npmjs.org/typescript/-/typescript-5.9.3.tgz",
      "integrity": "sha512-jl1vZzPDinLr9eUt3J/t7V6FgNEw9QjvBPdysz9KfQDD41fQrC2Y4vKQdiaUpFT4bXlb1RHhLpp8wtm6M5TgSw==",
      "dev": true
    }
  }
}
