{
  "name": "@wexample/js-app",
  "version": "0.0.24",
  "lockfileVersion": 3,
  "requires": true,
  "packages": {
    "": {
      "name": "@wexample/js-app",
      "version": "0.0.24",
      "peerDependencies": {
        "@wexample/js-helpers": "*"
      }
    },
    "node_modules/@wexample/js-helpers": {
      "version": "0.0.12",
      "resolved": "https://registry.npmjs.org/@wexample/js-helpers/-/js-helpers-0.0.12.tgz",
      "integrity": "sha512-kPmmGiSDQHEYwkJwwOdflp52O9fZ8tMZm1PWnrhD0Qluh1z9JM+24rFlcfFjY1LZ+8off2hYUaR53M+Bohb9Pw==",
      "license": "MIT",
      "peer": true,
      "engines": {
        "node": ">=18"
      }
    }
  }
}
