{
  "name": "@wexample/js-app",
  "version": "0.0.47",
  "lockfileVersion": 3,
  "requires": true,
  "packages": {
    "": {
      "name": "@wexample/js-app",
      "version": "0.0.47",
      "dependencies": {
        "@wexample/js-helpers": "0.0.37"
      },
      "devDependencies": {
        "typescript": "^5.9.3"
      }
    },
    "node_modules/@wexample/js-helpers": {
      "version": "0.0.37",
      "resolved": "https://registry.npmjs.org/@wexample/js-helpers/-/js-helpers-0.0.37.tgz",
      "integrity": "sha512-flNiy5uiMDcnmmTHdanIlIadTlReT1wEjYTBvm5AsTOl2HxtMccdVs1Ba/4FNRHMqeWDXzIKjsQTPUyQEgU8HQ==",
      "license": "MIT",
      "engines": {
        "node": ">=18"
      }
    },
    "node_modules/typescript": {
      "version": "5.9.3",
      "resolved": "https://registry.npmjs.org/typescript/-/typescript-5.9.3.tgz",
      "integrity": "sha512-jl1vZzPDinLr9eUt3J/t7V6FgNEw9QjvBPdysz9KfQDD41fQrC2Y4vKQdiaUpFT4bXlb1RHhLpp8wtm6M5TgSw==",
      "dev": true,
      "license": "Apache-2.0",
      "bin": {
        "tsc": "bin/tsc",
        "tsserver": "bin/tsserver"
      },
      "engines": {
        "node": ">=14.17"
      }
    }
  }
}
