# THIS IS AN AUTOGENERATED FILE. DO NOT EDIT THIS FILE DIRECTLY.
# yarn lockfile v1


"@wexample/js-helpers@>=2.0.0":
  "integrity" "sha512-n7z9eH4YCifvC7MePdiZK/61If5IzGQfANnykDzFoNNmLggZJDbPXBClvZ6OOBVAc1fNx6Bp0rXgJbDV9CkvXQ=="
  "resolved" "https://registry.npmjs.org/@wexample/js-helpers/-/js-helpers-2.0.0.tgz"
  "version" "2.0.0"

"typescript@^5.9.3":
  "integrity" "sha512-jl1vZzPDinLr9eUt3J/t7V6FgNEw9QjvBPdysz9KfQDD41fQrC2Y4vKQdiaUpFT4bXlb1RHhLpp8wtm6M5TgSw=="
  "resolved" "https://registry.npmjs.org/typescript/-/typescript-5.9.3.tgz"
  "version" "5.9.3"
