# THIS IS AN AUTOGENERATED FILE. DO NOT EDIT THIS FILE DIRECTLY.
# yarn lockfile v1


"@wexample/js-helpers@>=4.0.0":
  version "4.0.0"
  resolved "https://registry.npmjs.org/@wexample/js-helpers/-/js-helpers-4.0.0.tgz"
  integrity sha512-weYyQniwf3SOleuTw8rQLQ7jnqSYQ/fIGu+2bI0sce72KOF42sQxSNwhuR1jdk2rwb2OkSqF3z0TQMRMiuKddw==

typescript@^5.9.3:
  version "5.9.3"
  resolved "https://registry.npmjs.org/typescript/-/typescript-5.9.3.tgz"
  integrity sha512-jl1vZzPDinLr9eUt3J/t7V6FgNEw9QjvBPdysz9KfQDD41fQrC2Y4vKQdiaUpFT4bXlb1RHhLpp8wtm6M5TgSw==
